
Microsoft Visual Studio Solution File, Format Version 10.00
# Visual Studio 2008
Project("{FAE04EC0-301F-11D3-BF4B-00C04F79EFBC}") = "ControlsInAction", "ControlsInAction\ControlsInAction.csproj", "{2465F8EB-2540-4C10-B2C6-D23ECF66AA25}"
EndProject
Project("{FAE04EC0-301F-11D3-BF4B-00C04F79EFBC}") = "WpfInActionControls", "WpfInActionControls\WpfInActionControls.csproj", "{1AE66FB1-FDF2-4113-A60B-8BEFF6E29580}"
EndProject
Global
	GlobalSection(SolutionConfigurationPlatforms) = preSolution
		Debug|Any CPU = Debug|Any CPU
		Release|Any CPU = Release|Any CPU
	EndGlobalSection
	GlobalSection(ProjectConfigurationPlatforms) = postSolution
		{2465F8EB-2540-4C10-B2C6-D23ECF66AA25}.Debug|Any CPU.ActiveCfg = Debug|Any CPU
		{2465F8EB-2540-4C10-B2C6-D23ECF66AA25}.Debug|Any CPU.Build.0 = Debug|Any CPU
		{2465F8EB-2540-4C10-B2C6-D23ECF66AA25}.Release|Any CPU.ActiveCfg = Release|Any CPU
		{2465F8EB-2540-4C10-B2C6-D23ECF66AA25}.Release|Any CPU.Build.0 = Release|Any CPU
		{1AE66FB1-FDF2-4113-A60B-8BEFF6E29580}.Debug|Any CPU.ActiveCfg = Debug|Any CPU
		{1AE66FB1-FDF2-4113-A60B-8BEFF6E29580}.Debug|Any CPU.Build.0 = Debug|Any CPU
		{1AE66FB1-FDF2-4113-A60B-8BEFF6E29580}.Release|Any CPU.ActiveCfg = Release|Any CPU
		{1AE66FB1-FDF2-4113-A60B-8BEFF6E29580}.Release|Any CPU.Build.0 = Release|Any CPU
	EndGlobalSection
	GlobalSection(SolutionProperties) = preSolution
		HideSolutionNode = FALSE
	EndGlobalSection
EndGlobal
