
Microsoft Visual Studio Solution File, Format Version 10.00
# Visual Studio 2008
Project("{FAE04EC0-301F-11D3-BF4B-00C04F79EFBC}") = "Wraps", "Wraps.csproj", "{DB03083B-A8BC-469E-A352-B61D7CC91F1D}"
EndProject
Global
	GlobalSection(SolutionConfigurationPlatforms) = preSolution
		Debug|Any CPU = Debug|Any CPU
		Release|Any CPU = Release|Any CPU
	EndGlobalSection
	GlobalSection(ProjectConfigurationPlatforms) = postSolution
		{DB03083B-A8BC-469E-A352-B61D7CC91F1D}.Debug|Any CPU.ActiveCfg = Debug|Any CPU
		{DB03083B-A8BC-469E-A352-B61D7CC91F1D}.Debug|Any CPU.Build.0 = Debug|Any CPU
		{DB03083B-A8BC-469E-A352-B61D7CC91F1D}.Release|Any CPU.ActiveCfg = Release|Any CPU
		{DB03083B-A8BC-469E-A352-B61D7CC91F1D}.Release|Any CPU.Build.0 = Release|Any CPU
	EndGlobalSection
	GlobalSection(SolutionProperties) = preSolution
		HideSolutionNode = FALSE
	EndGlobalSection
EndGlobal
